// !$*UTF8*$!
{
	archiveVersion = 1;
	classes = {
	};
	objectVersion = 77;
	objects = {

/* Begin PBXContainerItemProxy section */
		50A4ACEA2D5AFF6100D0E126 /* PBXContainerItemProxy */ = {
			isa = PBXContainerItemProxy;
			containerPortal = 50A4ACD12D5AFF4E00D0E126 /* Project object */;
			proxyType = 1;
			remoteGlobalIDString = 50A4ACD82D5AFF4E00D0E126;
			remoteInfo = LegendaAR;
		};
		50A4ACF42D5AFF6100D0E126 /* PBXContainerItemProxy */ = {
			isa = PBXContainerItemProxy;
			containerPortal = 50A4ACD12D5AFF4E00D0E126 /* Project object */;
			proxyType = 1;
			remoteGlobalIDString = 50A4ACD82D5AFF4E00D0E126;
			remoteInfo = LegendaAR;
		};
/* End PBXContainerItemProxy section */

/* Begin PBXFileReference section */
		50A4ACD92D5AFF4E00D0E126 /* LegendaAR.app */ = {isa = PBXFileReference; explicitFileType = wrapper.application; includeInIndex = 0; path = LegendaAR.app; sourceTree = BUILT_PRODUCTS_DIR; };
		50A4ACE92D5AFF6100D0E126 /* LegendaARTests.xctest */ = {isa = PBXFileReference; explicitFileType = wrapper.cfbundle; includeInIndex = 0; path = LegendaARTests.xctest; sourceTree = BUILT_PRODUCTS_DIR; };
		50A4ACF32D5AFF6100D0E126 /* LegendaARUITests.xctest */ = {isa = PBXFileReference; explicitFileType = wrapper.cfbundle; includeInIndex = 0; path = LegendaARUITests.xctest; sourceTree = BUILT_PRODUCTS_DIR; };
/* End PBXFileReference section */

/* Begin PBXFileSystemSynchronizedRootGroup section */
		50A4ACDB2D5AFF4E00D0E126 /* LegendaAR */ = {
			isa = PBXFileSystemSynchronizedRootGroup;
			path = LegendaAR;
			sourceTree = "<group>";
		};
		50A4ACEC2D5AFF6100D0E126 /* LegendaARTests */ = {
			isa = PBXFileSystemSynchronizedRootGroup;
			path = LegendaARTests;
			sourceTree = "<group>";
		};
		50A4ACF62D5AFF6100D0E126 /* LegendaARUITests */ = {
			isa = PBXFileSystemSynchronizedRootGroup;
			path = LegendaARUITests;
			sourceTree = "<group>";
		};
/* End PBXFileSystemSynchronizedRootGroup section */

/* Begin PBXFrameworksBuildPhase section */
		50A4ACD62D5AFF4E00D0E126 /* Frameworks */ = {
			isa = PBXFrameworksBuildPhase;
			buildActionMask = 2147483647;
			files = (
			);
			runOnlyForDeploymentPostprocessing = 0;
		};
		50A4ACE62D5AFF6100D0E126 /* Frameworks */ = {
			isa = PBXFrameworksBuildPhase;
			buildActionMask = 2147483647;
			files = (
			);
			runOnlyForDeploymentPostprocessing = 0;
		};
		50A4ACF02D5AFF6100D0E126 /* Frameworks */ = {
			isa = PBXFrameworksBuildPhase;
			buildActionMask = 2147483647;
			files = (
			);
			runOnlyForDeploymentPostprocessing = 0;
		};
/* End PBXFrameworksBuildPhase section */

/* Begin PBXGroup section */
		50A4ACD02D5AFF4E00D0E126 = {
			isa = PBXGroup;
			children = (
				50A4ACDB2D5AFF4E00D0E126 /* LegendaAR */,
				50A4ACEC2D5AFF6100D0E126 /* LegendaARTests */,
				50A4ACF62D5AFF6100D0E126 /* LegendaARUITests */,
				50A4ACDA2D5AFF4E00D0E126 /* Products */,
			);
			sourceTree = "<group>";
		};
		50A4ACDA2D5AFF4E00D0E126 /* Products */ = {
			isa = PBXGroup;
			children = (
				50A4ACD92D5AFF4E00D0E126 /* LegendaAR.app */,
				50A4ACE92D5AFF6100D0E126 /* LegendaARTests.xctest */,
				50A4ACF32D5AFF6100D0E126 /* LegendaARUITests.xctest */,
			);
			name = Products;
			sourceTree = "<group>";
		};
/* End PBXGroup section */

/* Begin PBXNativeTarget section */
		50A4ACD82D5AFF4E00D0E126 /* LegendaAR */ = {
			isa = PBXNativeTarget;
			buildConfigurationList = 50A4ACFD2D5AFF6100D0E126 /* Build configuration list for PBXNativeTarget "LegendaAR" */;
			buildPhases = (
				50A4ACD52D5AFF4E00D0E126 /* Sources */,
				50A4ACD62D5AFF4E00D0E126 /* Frameworks */,
				50A4ACD72D5AFF4E00D0E126 /* Resources */,
			);
			buildRules = (
			);
			dependencies = (
			);
			fileSystemSynchronizedGroups = (
				50A4ACDB2D5AFF4E00D0E126 /* LegendaAR */,
			);
			name = LegendaAR;
			packageProductDependencies = (
			);
			productName = LegendaAR;
			productReference = 50A4ACD92D5AFF4E00D0E126 /* LegendaAR.app */;
			productType = "com.apple.product-type.application";
		};
		50A4ACE82D5AFF6100D0E126 /* LegendaARTests */ = {
			isa = PBXNativeTarget;
			buildConfigurationList = 50A4AD002D5AFF6100D0E126 /* Build configuration list for PBXNativeTarget "LegendaARTests" */;
			buildPhases = (
				50A4ACE52D5AFF6100D0E126 /* Sources */,
				50A4ACE62D5AFF6100D0E126 /* Frameworks */,
				50A4ACE72D5AFF6100D0E126 /* Resources */,
			);
			buildRules = (
			);
			dependencies = (
				50A4ACEB2D5AFF6100D0E126 /* PBXTargetDependency */,
			);
			fileSystemSynchronizedGroups = (
				50A4ACEC2D5AFF6100D0E126 /* LegendaARTests */,
			);
			name = LegendaARTests;
			packageProductDependencies = (
			);
			productName = LegendaARTests;
			productReference = 50A4ACE92D5AFF6100D0E126 /* LegendaARTests.xctest */;
			productType = "com.apple.product-type.bundle.unit-test";
		};
		50A4ACF22D5AFF6100D0E126 /* LegendaARUITests */ = {
			isa = PBXNativeTarget;
			buildConfigurationList = 50A4AD032D5AFF6100D0E126 /* Build configuration list for PBXNativeTarget "LegendaARUITests" */;
			buildPhases = (
				50A4ACEF2D5AFF6100D0E126 /* Sources */,
				50A4ACF02D5AFF6100D0E126 /* Frameworks */,
				50A4ACF12D5AFF6100D0E126 /* Resources */,
			);
			buildRules = (
			);
			dependencies = (
				50A4ACF52D5AFF6100D0E126 /* PBXTargetDependency */,
			);
			fileSystemSynchronizedGroups = (
				50A4ACF62D5AFF6100D0E126 /* LegendaARUITests */,
			);
			name = LegendaARUITests;
			packageProductDependencies = (
			);
			productName = LegendaARUITests;
			productReference = 50A4ACF32D5AFF6100D0E126 /* LegendaARUITests.xctest */;
			productType = "com.apple.product-type.bundle.ui-testing";
		};
/* End PBXNativeTarget section */

/* Begin PBXProject section */
		50A4ACD12D5AFF4E00D0E126 /* Project object */ = {
			isa = PBXProject;
			attributes = {
				BuildIndependentTargetsInParallel = 1;
				LastSwiftUpdateCheck = 1620;
				LastUpgradeCheck = 1620;
				TargetAttributes = {
					50A4ACD82D5AFF4E00D0E126 = {
						CreatedOnToolsVersion = 16.2;
					};
					50A4ACE82D5AFF6100D0E126 = {
						CreatedOnToolsVersion = 16.2;
						TestTargetID = 50A4ACD82D5AFF4E00D0E126;
					};
					50A4ACF22D5AFF6100D0E126 = {
						CreatedOnToolsVersion = 16.2;
						TestTargetID = 50A4ACD82D5AFF4E00D0E126;
					};
				};
			};
			buildConfigurationList = 50A4ACD42D5AFF4E00D0E126 /* Build configuration list for PBXProject "LegendaAR" */;
			developmentRegion = en;
			hasScannedForEncodings = 0;
			knownRegions = (
				en,
				Base,
			);
			mainGroup = 50A4ACD02D5AFF4E00D0E126;
			minimizedProjectReferenceProxies = 1;
			preferredProjectObjectVersion = 77;
			productRefGroup = 50A4ACDA2D5AFF4E00D0E126 /* Products */;
			projectDirPath = "";
			projectRoot = "";
			targets = (
				50A4ACD82D5AFF4E00D0E126 /* LegendaAR */,
				50A4ACE82D5AFF6100D0E126 /* LegendaARTests */,
				50A4ACF22D5AFF6100D0E126 /* LegendaARUITests */,
			);
		};
/* End PBXProject section */

/* Begin PBXResourcesBuildPhase section */
		50A4ACD72D5AFF4E00D0E126 /* Resources */ = {
			isa = PBXResourcesBuildPhase;
			buildActionMask = 2147483647;
			files = (
			);
			runOnlyForDeploymentPostprocessing = 0;
		};
		50A4ACE72D5AFF6100D0E126 /* Resources */ = {
			isa = PBXResourcesBuildPhase;
			buildActionMask = 2147483647;
			files = (
			);
			runOnlyForDeploymentPostprocessing = 0;
		};
		50A4ACF12D5AFF6100D0E126 /* Resources */ = {
			isa = PBXResourcesBuildPhase;
			buildActionMask = 2147483647;
			files = (
			);
			runOnlyForDeploymentPostprocessing = 0;
		};
/* End PBXResourcesBuildPhase section */

/* Begin PBXSourcesBuildPhase section */
		50A4ACD52D5AFF4E00D0E126 /* Sources */ = {
			isa = PBXSourcesBuildPhase;
			buildActionMask = 2147483647;
			files = (
			);
			runOnlyForDeploymentPostprocessing = 0;
		};
		50A4ACE52D5AFF6100D0E126 /* Sources */ = {
			isa = PBXSourcesBuildPhase;
			buildActionMask = 2147483647;
			files = (
			);
			runOnlyForDeploymentPostprocessing = 0;
		};
		50A4ACEF2D5AFF6100D0E126 /* Sources */ = {
			isa = PBXSourcesBuildPhase;
			buildActionMask = 2147483647;
			files = (
			);
			runOnlyForDeploymentPostprocessing = 0;
		};
/* End PBXSourcesBuildPhase section */

/* Begin PBXTargetDependency section */
		50A4ACEB2D5AFF6100D0E126 /* PBXTargetDependency */ = {
			isa = PBXTargetDependency;
			target = 50A4ACD82D5AFF4E00D0E126 /* LegendaAR */;
			targetProxy = 50A4ACEA2D5AFF6100D0E126 /* PBXContainerItemProxy */;
		};
		50A4ACF52D5AFF6100D0E126 /* PBXTargetDependency */ = {
			isa = PBXTargetDependency;
			target = 50A4ACD82D5AFF4E00D0E126 /* LegendaAR */;
			targetProxy = 50A4ACF42D5AFF6100D0E126 /* PBXContainerItemProxy */;
		};
/* End PBXTargetDependency section */

/* Begin XCBuildConfiguration section */
		50A4ACFB2D5AFF6100D0E126 /* Debug */ = {
			isa = XCBuildConfiguration;
			buildSettings = {
				ALWAYS_SEARCH_USER_PATHS = NO;
				ASSETCATALOG_COMPILER_GENERATE_SWIFT_ASSET_SYMBOL_EXTENSIONS = YES;
				CLANG_ANALYZER_NONNULL = YES;
				CLANG_ANALYZER_NUMBER_OBJECT_CONVERSION = YES_AGGRESSIVE;
				CLANG_CXX_LANGUAGE_STANDARD = "gnu++20";
				CLANG_ENABLE_MODULES = YES;
				CLANG_ENABLE_OBJC_ARC = YES;
				CLANG_ENABLE_OBJC_WEAK = YES;
				CLANG_WARN_BLOCK_CAPTURE_AUTORELEASING = YES;
				CLANG_WARN_BOOL_CONVERSION = YES;
				CLANG_WARN_COMMA = YES;
				CLANG_WARN_CONSTANT_CONVERSION = YES;
				CLANG_WARN_DEPRECATED_OBJC_IMPLEMENTATIONS = YES;
				CLANG_WARN_DIRECT_OBJC_ISA_USAGE = YES_ERROR;
				CLANG_WARN_DOCUMENTATION_COMMENTS = YES;
				CLANG_WARN_EMPTY_BODY = YES;
				CLANG_WARN_ENUM_CONVERSION = YES;
				CLANG_WARN_INFINITE_RECURSION = YES;
				CLANG_WARN_INT_CONVERSION = YES;
				CLANG_WARN_NON_LITERAL_NULL_CONVERSION = YES;
				CLANG_WARN_OBJC_IMPLICIT_RETAIN_SELF = YES;
				CLANG_WARN_OBJC_LITERAL_CONVERSION = YES;
				CLANG_WARN_OBJC_ROOT_CLASS = YES_ERROR;
				CLANG_WARN_QUOTED_INCLUDE_IN_FRAMEWORK_HEADER = YES;
				CLANG_WARN_RANGE_LOOP_ANALYSIS = YES;
				CLANG_WARN_STRICT_PROTOTYPES = YES;
				CLANG_WARN_SUSPICIOUS_MOVE = YES;
				CLANG_WARN_UNGUARDED_AVAILABILITY = YES_AGGRESSIVE;
				CLANG_WARN_UNREACHABLE_CODE = YES;
				CLANG_WARN__DUPLICATE_METHOD_MATCH = YES;
				COPY_PHASE_STRIP = NO;
				DEBUG_INFORMATION_FORMAT = dwarf;
				ENABLE_STRICT_OBJC_MSGSEND = YES;
				ENABLE_TESTABILITY = YES;
				ENABLE_USER_SCRIPT_SANDBOXING = YES;
				GCC_C_LANGUAGE_STANDARD = gnu17;
				GCC_DYNAMIC_NO_PIC = NO;
				GCC_NO_COMMON_BLOCKS = YES;
				GCC_OPTIMIZATION_LEVEL = 0;
				GCC_PREPROCESSOR_DEFINITIONS = (
					"DEBUG=1",
					"$(inherited)",
				);
				GCC_WARN_64_TO_32_BIT_CONVERSION = YES;
				GCC_WARN_ABOUT_RETURN_TYPE = YES_ERROR;
				GCC_WARN_UNDECLARED_SELECTOR = YES;
				GCC_WARN_UNINITIALIZED_AUTOS = YES_AGGRESSIVE;
				GCC_WARN_UNUSED_FUNCTION = YES;
				GCC_WARN_UNUSED_VARIABLE = YES;
				IPHONEOS_DEPLOYMENT_TARGET = 18.2;
				LOCALIZATION_PREFERS_STRING_CATALOGS = YES;
				MTL_ENABLE_DEBUG_INFO = INCLUDE_SOURCE;
				MTL_FAST_MATH = YES;
				ONLY_ACTIVE_ARCH = YES;
				SDKROOT = iphoneos;
				SWIFT_ACTIVE_COMPILATION_CONDITIONS = "DEBUG $(inherited)";
				SWIFT_OPTIMIZATION_LEVEL = "-Onone";
			};
			name = Debug;
		};
		50A4ACFC2D5AFF6100D0E126 /* Release */ = {
			isa = XCBuildConfiguration;
			buildSettings = {
				ALWAYS_SEARCH_USER_PATHS = NO;
				ASSETCATALOG_COMPILER_GENERATE_SWIFT_ASSET_SYMBOL_EXTENSIONS = YES;
				CLANG_ANALYZER_NONNULL = YES;
				CLANG_ANALYZER_NUMBER_OBJECT_CONVERSION = YES_AGGRESSIVE;
				CLANG_CXX_LANGUAGE_STANDARD = "gnu++20";
				CLANG_ENABLE_MODULES = YES;
				CLANG_ENABLE_OBJC_ARC = YES;
				CLANG_ENABLE_OBJC_WEAK = YES;
				CLANG_WARN_BLOCK_CAPTURE_AUTORELEASING = YES;
				CLANG_WARN_BOOL_CONVERSION = YES;
				CLANG_WARN_COMMA = YES;
				CLANG_WARN_CONSTANT_CONVERSION = YES;
				CLANG_WARN_DEPRECATED_OBJC_IMPLEMENTATIONS = YES;
				CLANG_WARN_DIRECT_OBJC_ISA_USAGE = YES_ERROR;
				CLANG_WARN_DOCUMENTATION_COMMENTS = YES;
				CLANG_WARN_EMPTY_BODY = YES;
				CLANG_WARN_ENUM_CONVERSION = YES;
				CLANG_WARN_INFINITE_RECURSION = YES;
				CLANG_WARN_INT_CONVERSION = YES;
				CLANG_WARN_NON_LITERAL_NULL_CONVERSION = YES;
				CLANG_WARN_OBJC_IMPLICIT_RETAIN_SELF = YES;
				CLANG_WARN_OBJC_LITERAL_CONVERSION = YES;
				CLANG_WARN_OBJC_ROOT_CLASS = YES_ERROR;
				CLANG_WARN_QUOTED_INCLUDE_IN_FRAMEWORK_HEADER = YES;
				CLANG_WARN_RANGE_LOOP_ANALYSIS = YES;
				CLANG_WARN_STRICT_PROTOTYPES = YES;
				CLANG_WARN_SUSPICIOUS_MOVE = YES;
				CLANG_WARN_UNGUARDED_AVAILABILITY = YES_AGGRESSIVE;
				CLANG_WARN_UNREACHABLE_CODE = YES;
				CLANG_WARN__DUPLICATE_METHOD_MATCH = YES;
				COPY_PHASE_STRIP = NO;
				DEBUG_INFORMATION_FORMAT = "dwarf-with-dsym";
				ENABLE_NS_ASSERTIONS = NO;
				ENABLE_STRICT_OBJC_MSGSEND = YES;
				ENABLE_USER_SCRIPT_SANDBOXING = YES;
				GCC_C_LANGUAGE_STANDARD = gnu17;
				GCC_NO_COMMON_BLOCKS = YES;
				GCC_WARN_64_TO_32_BIT_CONVERSION = YES;
				GCC_WARN_ABOUT_RETURN_TYPE = YES_ERROR;
				GCC_WARN_UNDECLARED_SELECTOR = YES;
				GCC_WARN_UNINITIALIZED_AUTOS = YES_AGGRESSIVE;
				GCC_WARN_UNUSED_FUNCTION = YES;
				GCC_WARN_UNUSED_VARIABLE = YES;
				IPHONEOS_DEPLOYMENT_TARGET = 18.2;
				LOCALIZATION_PREFERS_STRING_CATALOGS = YES;
				MTL_ENABLE_DEBUG_INFO = NO;
				MTL_FAST_MATH = YES;
				SDKROOT = iphoneos;
				SWIFT_COMPILATION_MODE = wholemodule;
				VALIDATE_PRODUCT = YES;
			};
			name = Release;
		};
		50A4ACFE2D5AFF6100D0E126 /* Debug */ = {
			isa = XCBuildConfiguration;
			buildSettings = {
				ASSETCATALOG_COMPILER_APPICON_NAME = AppIcon;
				ASSETCATALOG_COMPILER_GLOBAL_ACCENT_COLOR_NAME = AccentColor;
				CODE_SIGN_STYLE = Automatic;
				CURRENT_PROJECT_VERSION = 1;
				DEVELOPMENT_ASSET_PATHS = "\"LegendaAR/Preview Content\"";
				ENABLE_PREVIEWS = YES;
				GENERATE_INFOPLIST_FILE = YES;
				INFOPLIST_KEY_NSCameraUsageDescription = "";
				INFOPLIST_KEY_UIApplicationSupportsIndirectInputEvents = YES;
				INFOPLIST_KEY_UILaunchScreen_Generation = YES;
				INFOPLIST_KEY_UIRequiredDeviceCapabilities = arkit;
				INFOPLIST_KEY_UIStatusBarHidden = YES;
				INFOPLIST_KEY_UISupportedInterfaceOrientations_iPad = "UIInterfaceOrientationPortrait UIInterfaceOrientationPortraitUpsideDown UIInterfaceOrientationLandscapeLeft UIInterfaceOrientationLandscapeRight";
				INFOPLIST_KEY_UISupportedInterfaceOrientations_iPhone = "UIInterfaceOrientationPortrait UIInterfaceOrientationLandscapeLeft UIInterfaceOrientationLandscapeRight";
				LD_RUNPATH_SEARCH_PATHS = (
					"$(inherited)",
					"@executable_path/Frameworks",
				);
				MARKETING_VERSION = 1.0;
				PRODUCT_BUNDLE_IDENTIFIER = com.UmarMuhdhor.LegendaAR;
				PRODUCT_NAME = "$(TARGET_NAME)";
				SWIFT_EMIT_LOC_STRINGS = YES;
				SWIFT_VERSION = 5.0;
				TARGETED_DEVICE_FAMILY = "1,2";
			};
			name = Debug;
		};
		50A4ACFF2D5AFF6100D0E126 /* Release */ = {
			isa = XCBuildConfiguration;
			buildSettings = {
				ASSETCATALOG_COMPILER_APPICON_NAME = AppIcon;
				ASSETCATALOG_COMPILER_GLOBAL_ACCENT_COLOR_NAME = AccentColor;
				CODE_SIGN_STYLE = Automatic;
				CURRENT_PROJECT_VERSION = 1;
				DEVELOPMENT_ASSET_PATHS = "\"LegendaAR/Preview Content\"";
				ENABLE_PREVIEWS = YES;
				GENERATE_INFOPLIST_FILE = YES;
				INFOPLIST_KEY_NSCameraUsageDescription = "";
				INFOPLIST_KEY_UIApplicationSupportsIndirectInputEvents = YES;
				INFOPLIST_KEY_UILaunchScreen_Generation = YES;
				INFOPLIST_KEY_UIRequiredDeviceCapabilities = arkit;
				INFOPLIST_KEY_UIStatusBarHidden = YES;
				INFOPLIST_KEY_UISupportedInterfaceOrientations_iPad = "UIInterfaceOrientationPortrait UIInterfaceOrientationPortraitUpsideDown UIInterfaceOrientationLandscapeLeft UIInterfaceOrientationLandscapeRight";
				INFOPLIST_KEY_UISupportedInterfaceOrientations_iPhone = "UIInterfaceOrientationPortrait UIInterfaceOrientationLandscapeLeft UIInterfaceOrientationLandscapeRight";
				LD_RUNPATH_SEARCH_PATHS = (
					"$(inherited)",
					"@executable_path/Frameworks",
				);
				MARKETING_VERSION = 1.0;
				PRODUCT_BUNDLE_IDENTIFIER = com.UmarMuhdhor.LegendaAR;
				PRODUCT_NAME = "$(TARGET_NAME)";
				SWIFT_EMIT_LOC_STRINGS = YES;
				SWIFT_VERSION = 5.0;
				TARGETED_DEVICE_FAMILY = "1,2";
			};
			name = Release;
		};
		50A4AD012D5AFF6100D0E126 /* Debug */ = {
			isa = XCBuildConfiguration;
			buildSettings = {
				BUNDLE_LOADER = "$(TEST_HOST)";
				CODE_SIGN_STYLE = Automatic;
				CURRENT_PROJECT_VERSION = 1;
				GENERATE_INFOPLIST_FILE = YES;
				IPHONEOS_DEPLOYMENT_TARGET = 18.2;
				MARKETING_VERSION = 1.0;
				PRODUCT_BUNDLE_IDENTIFIER = com.UmarMuhdhor.LegendaARTests;
				PRODUCT_NAME = "$(TARGET_NAME)";
				SWIFT_EMIT_LOC_STRINGS = NO;
				SWIFT_VERSION = 5.0;
				TARGETED_DEVICE_FAMILY = "1,2";
				TEST_HOST = "$(BUILT_PRODUCTS_DIR)/LegendaAR.app/$(BUNDLE_EXECUTABLE_FOLDER_PATH)/LegendaAR";
			};
			name = Debug;
		};
		50A4AD022D5AFF6100D0E126 /* Release */ = {
			isa = XCBuildConfiguration;
			buildSettings = {
				BUNDLE_LOADER = "$(TEST_HOST)";
				CODE_SIGN_STYLE = Automatic;
				CURRENT_PROJECT_VERSION = 1;
				GENERATE_INFOPLIST_FILE = YES;
				IPHONEOS_DEPLOYMENT_TARGET = 18.2;
				MARKETING_VERSION = 1.0;
				PRODUCT_BUNDLE_IDENTIFIER = com.UmarMuhdhor.LegendaARTests;
				PRODUCT_NAME = "$(TARGET_NAME)";
				SWIFT_EMIT_LOC_STRINGS = NO;
				SWIFT_VERSION = 5.0;
				TARGETED_DEVICE_FAMILY = "1,2";
				TEST_HOST = "$(BUILT_PRODUCTS_DIR)/LegendaAR.app/$(BUNDLE_EXECUTABLE_FOLDER_PATH)/LegendaAR";
			};
			name = Release;
		};
		50A4AD042D5AFF6100D0E126 /* Debug */ = {
			isa = XCBuildConfiguration;
			buildSettings = {
				CODE_SIGN_STYLE = Automatic;
				CURRENT_PROJECT_VERSION = 1;
				GENERATE_INFOPLIST_FILE = YES;
				MARKETING_VERSION = 1.0;
				PRODUCT_BUNDLE_IDENTIFIER = com.UmarMuhdhor.LegendaARUITests;
				PRODUCT_NAME = "$(TARGET_NAME)";
				SWIFT_EMIT_LOC_STRINGS = NO;
				SWIFT_VERSION = 5.0;
				TARGETED_DEVICE_FAMILY = "1,2";
				TEST_TARGET_NAME = LegendaAR;
			};
			name = Debug;
		};
		50A4AD052D5AFF6100D0E126 /* Release */ = {
			isa = XCBuildConfiguration;
			buildSettings = {
				CODE_SIGN_STYLE = Automatic;
				CURRENT_PROJECT_VERSION = 1;
				GENERATE_INFOPLIST_FILE = YES;
				MARKETING_VERSION = 1.0;
				PRODUCT_BUNDLE_IDENTIFIER = com.UmarMuhdhor.LegendaARUITests;
				PRODUCT_NAME = "$(TARGET_NAME)";
				SWIFT_EMIT_LOC_STRINGS = NO;
				SWIFT_VERSION = 5.0;
				TARGETED_DEVICE_FAMILY = "1,2";
				TEST_TARGET_NAME = LegendaAR;
			};
			name = Release;
		};
/* End XCBuildConfiguration section */

/* Begin XCConfigurationList section */
		50A4ACD42D5AFF4E00D0E126 /* Build configuration list for PBXProject "LegendaAR" */ = {
			isa = XCConfigurationList;
			buildConfigurations = (
				50A4ACFB2D5AFF6100D0E126 /* Debug */,
				50A4ACFC2D5AFF6100D0E126 /* Release */,
			);
			defaultConfigurationIsVisible = 0;
			defaultConfigurationName = Release;
		};
		50A4ACFD2D5AFF6100D0E126 /* Build configuration list for PBXNativeTarget "LegendaAR" */ = {
			isa = XCConfigurationList;
			buildConfigurations = (
				50A4ACFE2D5AFF6100D0E126 /* Debug */,
				50A4ACFF2D5AFF6100D0E126 /* Release */,
			);
			defaultConfigurationIsVisible = 0;
			defaultConfigurationName = Release;
		};
		50A4AD002D5AFF6100D0E126 /* Build configuration list for PBXNativeTarget "LegendaARTests" */ = {
			isa = XCConfigurationList;
			buildConfigurations = (
				50A4AD012D5AFF6100D0E126 /* Debug */,
				50A4AD022D5AFF6100D0E126 /* Release */,
			);
			defaultConfigurationIsVisible = 0;
			defaultConfigurationName = Release;
		};
		50A4AD032D5AFF6100D0E126 /* Build configuration list for PBXNativeTarget "LegendaARUITests" */ = {
			isa = XCConfigurationList;
			buildConfigurations = (
				50A4AD042D5AFF6100D0E126 /* Debug */,
				50A4AD052D5AFF6100D0E126 /* Release */,
			);
			defaultConfigurationIsVisible = 0;
			defaultConfigurationName = Release;
		};
/* End XCConfigurationList section */
	};
	rootObject = 50A4ACD12D5AFF4E00D0E126 /* Project object */;
}
